
Microsoft Visual Studio Solution File, Format Version 12.00
# Visual Studio Version 17
VisualStudioVersion = 17.10.35027.167
MinimumVisualStudioVersion = 10.0.40219.1
Project("{FAE04EC0-301F-11D3-BF4B-00C04F79EFBC}") = "OOP_5", "OOP_5\OOP_5.csproj", "{CC90ABB3-7B77-43C7-B0EE-13C3EF34EAA7}"
EndProject
Global
	GlobalSection(SolutionConfigurationPlatforms) = preSolution
		Debug|Any CPU = Debug|Any CPU
		Release|Any CPU = Release|Any CPU
	EndGlobalSection
	GlobalSection(ProjectConfigurationPlatforms) = postSolution
		{CC90ABB3-7B77-43C7-B0EE-13C3EF34EAA7}.Debug|Any CPU.ActiveCfg = Debug|Any CPU
		{CC90ABB3-7B77-43C7-B0EE-13C3EF34EAA7}.Debug|Any CPU.Build.0 = Debug|Any CPU
		{CC90ABB3-7B77-43C7-B0EE-13C3EF34EAA7}.Release|Any CPU.ActiveCfg = Release|Any CPU
		{CC90ABB3-7B77-43C7-B0EE-13C3EF34EAA7}.Release|Any CPU.Build.0 = Release|Any CPU
	EndGlobalSection
	GlobalSection(SolutionProperties) = preSolution
		HideSolutionNode = FALSE
	EndGlobalSection
	GlobalSection(ExtensibilityGlobals) = postSolution
		SolutionGuid = {1699A1F2-B5E0-48B7-8449-FF259D5521E6}
	EndGlobalSection
EndGlobal
