
Microsoft Visual Studio Solution File, Format Version 12.00
# Visual Studio Version 17
VisualStudioVersion = 17.10.35027.167
MinimumVisualStudioVersion = 10.0.40219.1
Project("{FAE04EC0-301F-11D3-BF4B-00C04F79EFBC}") = "Delegatai_Anoniminiai_Metodai", "Delegatai_Anoniminiai_Metodai\Delegatai_Anoniminiai_Metodai.csproj", "{91811B5F-C5E9-4BD8-AAD7-8373F29EC11A}"
EndProject
Global
	GlobalSection(SolutionConfigurationPlatforms) = preSolution
		Debug|Any CPU = Debug|Any CPU
		Release|Any CPU = Release|Any CPU
	EndGlobalSection
	GlobalSection(ProjectConfigurationPlatforms) = postSolution
		{91811B5F-C5E9-4BD8-AAD7-8373F29EC11A}.Debug|Any CPU.ActiveCfg = Debug|Any CPU
		{91811B5F-C5E9-4BD8-AAD7-8373F29EC11A}.Debug|Any CPU.Build.0 = Debug|Any CPU
		{91811B5F-C5E9-4BD8-AAD7-8373F29EC11A}.Release|Any CPU.ActiveCfg = Release|Any CPU
		{91811B5F-C5E9-4BD8-AAD7-8373F29EC11A}.Release|Any CPU.Build.0 = Release|Any CPU
	EndGlobalSection
	GlobalSection(SolutionProperties) = preSolution
		HideSolutionNode = FALSE
	EndGlobalSection
	GlobalSection(ExtensibilityGlobals) = postSolution
		SolutionGuid = {97E3202B-077F-4176-9AEF-A6532A0E4354}
	EndGlobalSection
EndGlobal
