
Microsoft Visual Studio Solution File, Format Version 12.00
# Visual Studio Version 17
VisualStudioVersion = 17.10.35013.160
MinimumVisualStudioVersion = 10.0.40219.1
Project("{FAE04EC0-301F-11D3-BF4B-00C04F79EFBC}") = "Project_11", "Project_11\Project_11.csproj", "{A2100CDF-5D9D-4EF7-9EE6-32AC2E47B664}"
EndProject
Global
	GlobalSection(SolutionConfigurationPlatforms) = preSolution
		Debug|Any CPU = Debug|Any CPU
		Release|Any CPU = Release|Any CPU
	EndGlobalSection
	GlobalSection(ProjectConfigurationPlatforms) = postSolution
		{A2100CDF-5D9D-4EF7-9EE6-32AC2E47B664}.Debug|Any CPU.ActiveCfg = Debug|Any CPU
		{A2100CDF-5D9D-4EF7-9EE6-32AC2E47B664}.Debug|Any CPU.Build.0 = Debug|Any CPU
		{A2100CDF-5D9D-4EF7-9EE6-32AC2E47B664}.Release|Any CPU.ActiveCfg = Release|Any CPU
		{A2100CDF-5D9D-4EF7-9EE6-32AC2E47B664}.Release|Any CPU.Build.0 = Release|Any CPU
	EndGlobalSection
	GlobalSection(SolutionProperties) = preSolution
		HideSolutionNode = FALSE
	EndGlobalSection
	GlobalSection(ExtensibilityGlobals) = postSolution
		SolutionGuid = {2ECB9B0F-F482-4FE6-BD9C-49FD0ACD5355}
	EndGlobalSection
EndGlobal
