
Microsoft Visual Studio Solution File, Format Version 12.00
# Visual Studio Version 17
VisualStudioVersion = 17.11.35222.181
MinimumVisualStudioVersion = 10.0.40219.1
Project("{FAE04EC0-301F-11D3-BF4B-00C04F79EFBC}") = "Apartments", "Appartments\Apartments.csproj", "{C9352826-2E54-4AA2-A385-876D33D08B97}"
EndProject
Global
	GlobalSection(SolutionConfigurationPlatforms) = preSolution
		Debug|Any CPU = Debug|Any CPU
		Release|Any CPU = Release|Any CPU
	EndGlobalSection
	GlobalSection(ProjectConfigurationPlatforms) = postSolution
		{C9352826-2E54-4AA2-A385-876D33D08B97}.Debug|Any CPU.ActiveCfg = Debug|Any CPU
		{C9352826-2E54-4AA2-A385-876D33D08B97}.Debug|Any CPU.Build.0 = Debug|Any CPU
		{C9352826-2E54-4AA2-A385-876D33D08B97}.Release|Any CPU.ActiveCfg = Release|Any CPU
		{C9352826-2E54-4AA2-A385-876D33D08B97}.Release|Any CPU.Build.0 = Release|Any CPU
	EndGlobalSection
	GlobalSection(SolutionProperties) = preSolution
		HideSolutionNode = FALSE
	EndGlobalSection
	GlobalSection(ExtensibilityGlobals) = postSolution
		SolutionGuid = {66488470-FBA5-4136-9ABF-266C8C09BE5F}
	EndGlobalSection
EndGlobal
