
Microsoft Visual Studio Solution File, Format Version 12.00
# Visual Studio Version 17
VisualStudioVersion = 17.10.35027.167
MinimumVisualStudioVersion = 10.0.40219.1
Project("{FAE04EC0-301F-11D3-BF4B-00C04F79EFBC}") = "TryCatch", "TryCatch\TryCatch.csproj", "{46FC9F3E-A818-4635-8FBD-CFA042697E33}"
EndProject
Global
	GlobalSection(SolutionConfigurationPlatforms) = preSolution
		Debug|Any CPU = Debug|Any CPU
		Release|Any CPU = Release|Any CPU
	EndGlobalSection
	GlobalSection(ProjectConfigurationPlatforms) = postSolution
		{46FC9F3E-A818-4635-8FBD-CFA042697E33}.Debug|Any CPU.ActiveCfg = Debug|Any CPU
		{46FC9F3E-A818-4635-8FBD-CFA042697E33}.Debug|Any CPU.Build.0 = Debug|Any CPU
		{46FC9F3E-A818-4635-8FBD-CFA042697E33}.Release|Any CPU.ActiveCfg = Release|Any CPU
		{46FC9F3E-A818-4635-8FBD-CFA042697E33}.Release|Any CPU.Build.0 = Release|Any CPU
	EndGlobalSection
	GlobalSection(SolutionProperties) = preSolution
		HideSolutionNode = FALSE
	EndGlobalSection
	GlobalSection(ExtensibilityGlobals) = postSolution
		SolutionGuid = {75DE181E-8D34-4FF2-8407-A48D475FB5C5}
	EndGlobalSection
EndGlobal
